// !$*UTF8*$!
{
	archiveVersion = 1;
	classes = {
	};
	objectVersion = 56;
	objects = {

/* Begin PBXBuildFile section */
		A3EC42432D34676100788A6B /* main.cpp in Sources */ = {isa = PBXBuildFile; fileRef = A3EC42422D34676100788A6B /* main.cpp */; };
		A3EC424B2D34693700788A6B /* prgms_258712.cpp in Sources */ = {isa = PBXBuildFile; fileRef = A3EC424A2D34693700788A6B /* prgms_258712.cpp */; };
		A3EC424D2D34695200788A6B /* prgms_012906.cpp in Sources */ = {isa = PBXBuildFile; fileRef = A3EC424C2D34695200788A6B /* prgms_012906.cpp */; };
		A3EC424F2D34697300788A6B /* prgms_042626.cpp in Sources */ = {isa = PBXBuildFile; fileRef = A3EC424E2D34697300788A6B /* prgms_042626.cpp */; };
		A3EC42512D35406900788A6B /* prgms_042746.cpp in Sources */ = {isa = PBXBuildFile; fileRef = A3EC42502D35406900788A6B /* prgms_042746.cpp */; };
		A3EC42542D356F2100788A6B /* HRank_000001.cpp in Sources */ = {isa = PBXBuildFile; fileRef = A3EC42532D356F2100788A6B /* HRank_000001.cpp */; };
		A3EC42572D36C07100788A6B /* prgms_086491.cpp in Sources */ = {isa = PBXBuildFile; fileRef = A3EC42562D36C07100788A6B /* prgms_086491.cpp */; };
		A3EC42592D371E4400788A6B /* prgms_042840.cpp in Sources */ = {isa = PBXBuildFile; fileRef = A3EC42582D371E4400788A6B /* prgms_042840.cpp */; };
/* End PBXBuildFile section */

/* Begin PBXCopyFilesBuildPhase section */
		A3EC423D2D34676100788A6B /* CopyFiles */ = {
			isa = PBXCopyFilesBuildPhase;
			buildActionMask = 2147483647;
			dstPath = /usr/share/man/man1/;
			dstSubfolderSpec = 0;
			files = (
			);
			runOnlyForDeploymentPostprocessing = 1;
		};
/* End PBXCopyFilesBuildPhase section */

/* Begin PBXFileReference section */
		A3EC423F2D34676100788A6B /* algorithmProject */ = {isa = PBXFileReference; explicitFileType = "compiled.mach-o.executable"; includeInIndex = 0; path = algorithmProject; sourceTree = BUILT_PRODUCTS_DIR; };
		A3EC42422D34676100788A6B /* main.cpp */ = {isa = PBXFileReference; lastKnownFileType = sourcecode.cpp.cpp; path = main.cpp; sourceTree = "<group>"; };
		A3EC424A2D34693700788A6B /* prgms_258712.cpp */ = {isa = PBXFileReference; lastKnownFileType = sourcecode.cpp.cpp; path = prgms_258712.cpp; sourceTree = "<group>"; };
		A3EC424C2D34695200788A6B /* prgms_012906.cpp */ = {isa = PBXFileReference; lastKnownFileType = sourcecode.cpp.cpp; path = prgms_012906.cpp; sourceTree = "<group>"; };
		A3EC424E2D34697300788A6B /* prgms_042626.cpp */ = {isa = PBXFileReference; lastKnownFileType = sourcecode.cpp.cpp; path = prgms_042626.cpp; sourceTree = "<group>"; };
		A3EC42502D35406900788A6B /* prgms_042746.cpp */ = {isa = PBXFileReference; lastKnownFileType = sourcecode.cpp.cpp; path = prgms_042746.cpp; sourceTree = "<group>"; };
		A3EC42532D356F2100788A6B /* HRank_000001.cpp */ = {isa = PBXFileReference; lastKnownFileType = sourcecode.cpp.cpp; path = HRank_000001.cpp; sourceTree = "<group>"; };
		A3EC42562D36C07100788A6B /* prgms_086491.cpp */ = {isa = PBXFileReference; lastKnownFileType = sourcecode.cpp.cpp; path = prgms_086491.cpp; sourceTree = "<group>"; };
		A3EC42582D371E4400788A6B /* prgms_042840.cpp */ = {isa = PBXFileReference; lastKnownFileType = sourcecode.cpp.cpp; path = prgms_042840.cpp; sourceTree = "<group>"; };
/* End PBXFileReference section */

/* Begin PBXFrameworksBuildPhase section */
		A3EC423C2D34676100788A6B /* Frameworks */ = {
			isa = PBXFrameworksBuildPhase;
			buildActionMask = 2147483647;
			files = (
			);
			runOnlyForDeploymentPostprocessing = 0;
		};
/* End PBXFrameworksBuildPhase section */

/* Begin PBXGroup section */
		A3EC42362D34676100788A6B = {
			isa = PBXGroup;
			children = (
				A3EC42412D34676100788A6B /* algorithmProject */,
				A3EC42402D34676100788A6B /* Products */,
			);
			sourceTree = "<group>";
		};
		A3EC42402D34676100788A6B /* Products */ = {
			isa = PBXGroup;
			children = (
				A3EC423F2D34676100788A6B /* algorithmProject */,
			);
			name = Products;
			sourceTree = "<group>";
		};
		A3EC42412D34676100788A6B /* algorithmProject */ = {
			isa = PBXGroup;
			children = (
				A3EC42522D356EA800788A6B /* HackerRank */,
				A3EC42492D34690A00788A6B /* programmers */,
				A3EC42422D34676100788A6B /* main.cpp */,
			);
			path = algorithmProject;
			sourceTree = "<group>";
		};
		A3EC42492D34690A00788A6B /* programmers */ = {
			isa = PBXGroup;
			children = (
				A3EC424A2D34693700788A6B /* prgms_258712.cpp */,
				A3EC424C2D34695200788A6B /* prgms_012906.cpp */,
				A3EC424E2D34697300788A6B /* prgms_042626.cpp */,
				A3EC42502D35406900788A6B /* prgms_042746.cpp */,
				A3EC42562D36C07100788A6B /* prgms_086491.cpp */,
				A3EC42582D371E4400788A6B /* prgms_042840.cpp */,
			);
			path = programmers;
			sourceTree = "<group>";
		};
		A3EC42522D356EA800788A6B /* HackerRank */ = {
			isa = PBXGroup;
			children = (
				A3EC42532D356F2100788A6B /* HRank_000001.cpp */,
			);
			path = HackerRank;
			sourceTree = "<group>";
		};
/* End PBXGroup section */

/* Begin PBXNativeTarget section */
		A3EC423E2D34676100788A6B /* algorithmProject */ = {
			isa = PBXNativeTarget;
			buildConfigurationList = A3EC42462D34676100788A6B /* Build configuration list for PBXNativeTarget "algorithmProject" */;
			buildPhases = (
				A3EC423B2D34676100788A6B /* Sources */,
				A3EC423C2D34676100788A6B /* Frameworks */,
				A3EC423D2D34676100788A6B /* CopyFiles */,
			);
			buildRules = (
			);
			dependencies = (
			);
			name = algorithmProject;
			productName = algorithmProject;
			productReference = A3EC423F2D34676100788A6B /* algorithmProject */;
			productType = "com.apple.product-type.tool";
		};
/* End PBXNativeTarget section */

/* Begin PBXProject section */
		A3EC42372D34676100788A6B /* Project object */ = {
			isa = PBXProject;
			attributes = {
				BuildIndependentTargetsInParallel = 1;
				LastUpgradeCheck = 1540;
				TargetAttributes = {
					A3EC423E2D34676100788A6B = {
						CreatedOnToolsVersion = 15.4;
					};
				};
			};
			buildConfigurationList = A3EC423A2D34676100788A6B /* Build configuration list for PBXProject "algorithmProject" */;
			compatibilityVersion = "Xcode 14.0";
			developmentRegion = en;
			hasScannedForEncodings = 0;
			knownRegions = (
				en,
				Base,
			);
			mainGroup = A3EC42362D34676100788A6B;
			productRefGroup = A3EC42402D34676100788A6B /* Products */;
			projectDirPath = "";
			projectRoot = "";
			targets = (
				A3EC423E2D34676100788A6B /* algorithmProject */,
			);
		};
/* End PBXProject section */

/* Begin PBXSourcesBuildPhase section */
		A3EC423B2D34676100788A6B /* Sources */ = {
			isa = PBXSourcesBuildPhase;
			buildActionMask = 2147483647;
			files = (
				A3EC42572D36C07100788A6B /* prgms_086491.cpp in Sources */,
				A3EC424D2D34695200788A6B /* prgms_012906.cpp in Sources */,
				A3EC424F2D34697300788A6B /* prgms_042626.cpp in Sources */,
				A3EC42592D371E4400788A6B /* prgms_042840.cpp in Sources */,
				A3EC424B2D34693700788A6B /* prgms_258712.cpp in Sources */,
				A3EC42542D356F2100788A6B /* HRank_000001.cpp in Sources */,
				A3EC42512D35406900788A6B /* prgms_042746.cpp in Sources */,
				A3EC42432D34676100788A6B /* main.cpp in Sources */,
			);
			runOnlyForDeploymentPostprocessing = 0;
		};
/* End PBXSourcesBuildPhase section */

/* Begin XCBuildConfiguration section */
		A3EC42442D34676100788A6B /* Debug */ = {
			isa = XCBuildConfiguration;
			buildSettings = {
				ALWAYS_SEARCH_USER_PATHS = NO;
				ASSETCATALOG_COMPILER_GENERATE_SWIFT_ASSET_SYMBOL_EXTENSIONS = YES;
				CLANG_ANALYZER_NONNULL = YES;
				CLANG_ANALYZER_NUMBER_OBJECT_CONVERSION = YES_AGGRESSIVE;
				CLANG_CXX_LANGUAGE_STANDARD = "gnu++20";
				CLANG_ENABLE_MODULES = YES;
				CLANG_ENABLE_OBJC_ARC = YES;
				CLANG_ENABLE_OBJC_WEAK = YES;
				CLANG_WARN_BLOCK_CAPTURE_AUTORELEASING = YES;
				CLANG_WARN_BOOL_CONVERSION = YES;
				CLANG_WARN_COMMA = YES;
				CLANG_WARN_CONSTANT_CONVERSION = YES;
				CLANG_WARN_DEPRECATED_OBJC_IMPLEMENTATIONS = YES;
				CLANG_WARN_DIRECT_OBJC_ISA_USAGE = YES_ERROR;
				CLANG_WARN_DOCUMENTATION_COMMENTS = YES;
				CLANG_WARN_EMPTY_BODY = YES;
				CLANG_WARN_ENUM_CONVERSION = YES;
				CLANG_WARN_INFINITE_RECURSION = YES;
				CLANG_WARN_INT_CONVERSION = YES;
				CLANG_WARN_NON_LITERAL_NULL_CONVERSION = YES;
				CLANG_WARN_OBJC_IMPLICIT_RETAIN_SELF = YES;
				CLANG_WARN_OBJC_LITERAL_CONVERSION = YES;
				CLANG_WARN_OBJC_ROOT_CLASS = YES_ERROR;
				CLANG_WARN_QUOTED_INCLUDE_IN_FRAMEWORK_HEADER = YES;
				CLANG_WARN_RANGE_LOOP_ANALYSIS = YES;
				CLANG_WARN_STRICT_PROTOTYPES = YES;
				CLANG_WARN_SUSPICIOUS_MOVE = YES;
				CLANG_WARN_UNGUARDED_AVAILABILITY = YES_AGGRESSIVE;
				CLANG_WARN_UNREACHABLE_CODE = YES;
				CLANG_WARN__DUPLICATE_METHOD_MATCH = YES;
				COPY_PHASE_STRIP = NO;
				DEBUG_INFORMATION_FORMAT = dwarf;
				ENABLE_STRICT_OBJC_MSGSEND = YES;
				ENABLE_TESTABILITY = YES;
				ENABLE_USER_SCRIPT_SANDBOXING = YES;
				GCC_C_LANGUAGE_STANDARD = gnu17;
				GCC_DYNAMIC_NO_PIC = NO;
				GCC_NO_COMMON_BLOCKS = YES;
				GCC_OPTIMIZATION_LEVEL = 0;
				GCC_PREPROCESSOR_DEFINITIONS = (
					"DEBUG=1",
					"$(inherited)",
				);
				GCC_WARN_64_TO_32_BIT_CONVERSION = YES;
				GCC_WARN_ABOUT_RETURN_TYPE = YES_ERROR;
				GCC_WARN_UNDECLARED_SELECTOR = YES;
				GCC_WARN_UNINITIALIZED_AUTOS = YES_AGGRESSIVE;
				GCC_WARN_UNUSED_FUNCTION = YES;
				GCC_WARN_UNUSED_VARIABLE = YES;
				LOCALIZATION_PREFERS_STRING_CATALOGS = YES;
				MACOSX_DEPLOYMENT_TARGET = 14.3;
				MTL_ENABLE_DEBUG_INFO = INCLUDE_SOURCE;
				MTL_FAST_MATH = YES;
				ONLY_ACTIVE_ARCH = YES;
				SDKROOT = macosx;
			};
			name = Debug;
		};
		A3EC42452D34676100788A6B /* Release */ = {
			isa = XCBuildConfiguration;
			buildSettings = {
				ALWAYS_SEARCH_USER_PATHS = NO;
				ASSETCATALOG_COMPILER_GENERATE_SWIFT_ASSET_SYMBOL_EXTENSIONS = YES;
				CLANG_ANALYZER_NONNULL = YES;
				CLANG_ANALYZER_NUMBER_OBJECT_CONVERSION = YES_AGGRESSIVE;
				CLANG_CXX_LANGUAGE_STANDARD = "gnu++20";
				CLANG_ENABLE_MODULES = YES;
				CLANG_ENABLE_OBJC_ARC = YES;
				CLANG_ENABLE_OBJC_WEAK = YES;
				CLANG_WARN_BLOCK_CAPTURE_AUTORELEASING = YES;
				CLANG_WARN_BOOL_CONVERSION = YES;
				CLANG_WARN_COMMA = YES;
				CLANG_WARN_CONSTANT_CONVERSION = YES;
				CLANG_WARN_DEPRECATED_OBJC_IMPLEMENTATIONS = YES;
				CLANG_WARN_DIRECT_OBJC_ISA_USAGE = YES_ERROR;
				CLANG_WARN_DOCUMENTATION_COMMENTS = YES;
				CLANG_WARN_EMPTY_BODY = YES;
				CLANG_WARN_ENUM_CONVERSION = YES;
				CLANG_WARN_INFINITE_RECURSION = YES;
				CLANG_WARN_INT_CONVERSION = YES;
				CLANG_WARN_NON_LITERAL_NULL_CONVERSION = YES;
				CLANG_WARN_OBJC_IMPLICIT_RETAIN_SELF = YES;
				CLANG_WARN_OBJC_LITERAL_CONVERSION = YES;
				CLANG_WARN_OBJC_ROOT_CLASS = YES_ERROR;
				CLANG_WARN_QUOTED_INCLUDE_IN_FRAMEWORK_HEADER = YES;
				CLANG_WARN_RANGE_LOOP_ANALYSIS = YES;
				CLANG_WARN_STRICT_PROTOTYPES = YES;
				CLANG_WARN_SUSPICIOUS_MOVE = YES;
				CLANG_WARN_UNGUARDED_AVAILABILITY = YES_AGGRESSIVE;
				CLANG_WARN_UNREACHABLE_CODE = YES;
				CLANG_WARN__DUPLICATE_METHOD_MATCH = YES;
				COPY_PHASE_STRIP = NO;
				DEBUG_INFORMATION_FORMAT = "dwarf-with-dsym";
				ENABLE_NS_ASSERTIONS = NO;
				ENABLE_STRICT_OBJC_MSGSEND = YES;
				ENABLE_USER_SCRIPT_SANDBOXING = YES;
				GCC_C_LANGUAGE_STANDARD = gnu17;
				GCC_NO_COMMON_BLOCKS = YES;
				GCC_WARN_64_TO_32_BIT_CONVERSION = YES;
				GCC_WARN_ABOUT_RETURN_TYPE = YES_ERROR;
				GCC_WARN_UNDECLARED_SELECTOR = YES;
				GCC_WARN_UNINITIALIZED_AUTOS = YES_AGGRESSIVE;
				GCC_WARN_UNUSED_FUNCTION = YES;
				GCC_WARN_UNUSED_VARIABLE = YES;
				LOCALIZATION_PREFERS_STRING_CATALOGS = YES;
				MACOSX_DEPLOYMENT_TARGET = 14.3;
				MTL_ENABLE_DEBUG_INFO = NO;
				MTL_FAST_MATH = YES;
				SDKROOT = macosx;
			};
			name = Release;
		};
		A3EC42472D34676100788A6B /* Debug */ = {
			isa = XCBuildConfiguration;
			buildSettings = {
				CODE_SIGN_STYLE = Automatic;
				PRODUCT_NAME = "$(TARGET_NAME)";
			};
			name = Debug;
		};
		A3EC42482D34676100788A6B /* Release */ = {
			isa = XCBuildConfiguration;
			buildSettings = {
				CODE_SIGN_STYLE = Automatic;
				PRODUCT_NAME = "$(TARGET_NAME)";
			};
			name = Release;
		};
/* End XCBuildConfiguration section */

/* Begin XCConfigurationList section */
		A3EC423A2D34676100788A6B /* Build configuration list for PBXProject "algorithmProject" */ = {
			isa = XCConfigurationList;
			buildConfigurations = (
				A3EC42442D34676100788A6B /* Debug */,
				A3EC42452D34676100788A6B /* Release */,
			);
			defaultConfigurationIsVisible = 0;
			defaultConfigurationName = Release;
		};
		A3EC42462D34676100788A6B /* Build configuration list for PBXNativeTarget "algorithmProject" */ = {
			isa = XCConfigurationList;
			buildConfigurations = (
				A3EC42472D34676100788A6B /* Debug */,
				A3EC42482D34676100788A6B /* Release */,
			);
			defaultConfigurationIsVisible = 0;
			defaultConfigurationName = Release;
		};
/* End XCConfigurationList section */
	};
	rootObject = A3EC42372D34676100788A6B /* Project object */;
}
